
Microsoft Visual Studio Solution File, Format Version 12.00
# Visual Studio 2013
VisualStudioVersion = 12.0.31101.0
MinimumVisualStudioVersion = 10.0.40219.1
Project("{FAE04EC0-301F-11D3-BF4B-00C04F79EFBC}") = "task2", "task2\task2.csproj", "{E447A0EF-B990-40B3-A4C1-26048BD92848}"
EndProject
Project("{FAE04EC0-301F-11D3-BF4B-00C04F79EFBC}") = "RootLibrary", "RootLibrary\RootLibrary.csproj", "{52A22A96-2C35-4BBA-AA48-8E298EB7ADC1}"
EndProject
Project("{FAE04EC0-301F-11D3-BF4B-00C04F79EFBC}") = "BinLibrary", "BinLibrary\BinLibrary.csproj", "{BB60A36D-CAFF-4C9C-97B5-7FC693A5D163}"
EndProject
Global
	GlobalSection(SolutionConfigurationPlatforms) = preSolution
		Debug|Any CPU = Debug|Any CPU
		Release|Any CPU = Release|Any CPU
	EndGlobalSection
	GlobalSection(ProjectConfigurationPlatforms) = postSolution
		{E447A0EF-B990-40B3-A4C1-26048BD92848}.Debug|Any CPU.ActiveCfg = Debug|Any CPU
		{E447A0EF-B990-40B3-A4C1-26048BD92848}.Debug|Any CPU.Build.0 = Debug|Any CPU
		{E447A0EF-B990-40B3-A4C1-26048BD92848}.Release|Any CPU.ActiveCfg = Release|Any CPU
		{E447A0EF-B990-40B3-A4C1-26048BD92848}.Release|Any CPU.Build.0 = Release|Any CPU
		{52A22A96-2C35-4BBA-AA48-8E298EB7ADC1}.Debug|Any CPU.ActiveCfg = Debug|Any CPU
		{52A22A96-2C35-4BBA-AA48-8E298EB7ADC1}.Debug|Any CPU.Build.0 = Debug|Any CPU
		{52A22A96-2C35-4BBA-AA48-8E298EB7ADC1}.Release|Any CPU.ActiveCfg = Release|Any CPU
		{52A22A96-2C35-4BBA-AA48-8E298EB7ADC1}.Release|Any CPU.Build.0 = Release|Any CPU
		{BB60A36D-CAFF-4C9C-97B5-7FC693A5D163}.Debug|Any CPU.ActiveCfg = Debug|Any CPU
		{BB60A36D-CAFF-4C9C-97B5-7FC693A5D163}.Debug|Any CPU.Build.0 = Debug|Any CPU
		{BB60A36D-CAFF-4C9C-97B5-7FC693A5D163}.Release|Any CPU.ActiveCfg = Release|Any CPU
		{BB60A36D-CAFF-4C9C-97B5-7FC693A5D163}.Release|Any CPU.Build.0 = Release|Any CPU
	EndGlobalSection
	GlobalSection(SolutionProperties) = preSolution
		HideSolutionNode = FALSE
	EndGlobalSection
EndGlobal
